
Microsoft Visual Studio Solution File, Format Version 12.00
# Visual Studio 15
VisualStudioVersion = 15.0.28010.2050
MinimumVisualStudioVersion = 10.0.40219.1
Project("{FAE04EC0-301F-11D3-BF4B-00C04F79EFBC}") = "VoteIt", "VoteIt\VoteIt.csproj", "{37C0DDD8-887B-40C3-8965-BEA0FC95016E}"
EndProject
Global
	GlobalSection(SolutionConfigurationPlatforms) = preSolution
		Debug|Any CPU = Debug|Any CPU
		Release|Any CPU = Release|Any CPU
	EndGlobalSection
	GlobalSection(ProjectConfigurationPlatforms) = postSolution
		{37C0DDD8-887B-40C3-8965-BEA0FC95016E}.Debug|Any CPU.ActiveCfg = Debug|Any CPU
		{37C0DDD8-887B-40C3-8965-BEA0FC95016E}.Debug|Any CPU.Build.0 = Debug|Any CPU
		{37C0DDD8-887B-40C3-8965-BEA0FC95016E}.Release|Any CPU.ActiveCfg = Release|Any CPU
		{37C0DDD8-887B-40C3-8965-BEA0FC95016E}.Release|Any CPU.Build.0 = Release|Any CPU
	EndGlobalSection
	GlobalSection(SolutionProperties) = preSolution
		HideSolutionNode = FALSE
	EndGlobalSection
	GlobalSection(ExtensibilityGlobals) = postSolution
		SolutionGuid = {A5EBD9E5-BD08-4C71-A750-DB45958E6290}
	EndGlobalSection
EndGlobal
